{
  "name": "pong",
  "version": "1.0.0",
  "lockfileVersion": 1,
  "requires": true,
  "dependencies": {
    "clear": {
      "version": "0.0.1",
      "resolved": "https://registry.npmjs.org/clear/-/clear-0.0.1.tgz",
      "integrity": "sha1-5RhuIp2ZRIF5wTAxG2+dML/2sLo="
    },
    "input-event": {
      "version": "1.2.2",
      "resolved": "https://registry.npmjs.org/input-event/-/input-event-1.2.2.tgz",
      "integrity": "sha512-tBw6ceDvFjlQ1mNe6rRkaELFP8+8waA9btCAYLmYuE1FoarrTFOLl3MgQcBq+3Vo8KoOfTBzucnm3nmjWNNzxA=="
    },
    "keypress": {
      "version": "https://registry.npmjs.org/keypress/-/keypress-0.2.1.tgz",
      "integrity": "sha1-HoBFQlABjbrUw/6USX1uZ7YmnHc="
    }
  }
}
